lockfileVersion: '9.0'

settings:
  autoInstallPeers: true
  excludeLinksFromLockfile: false

importers:

  .:
    devDependencies:
      '@fontsource-variable/inter':
        specifier: 5.2.8
        version: 5.2.8
      '@fontsource-variable/plus-jakarta-sans':
        specifier: 5.2.8
        version: 5.2.8
      playwright:
        specifier: 1.56.1
        version: 1.56.1
      typescript:
        specifier: 5.7.2
        version: 5.7.2
      vite:
        specifier: 5.4.21
        version: 5.4.21

packages:

  '@esbuild/aix-ppc64@0.21.5':
    resolution: {integrity: sha512-1SDgH6ZSPTlggy1yI6+Dbkiz8xzpHJEVAlF/AM1tHPLsf5STom9rwtjE4hKAF20FfXXNTFqEYXyJNWh1GiZedQ==}
    engines: {node: '>=12'}
    cpu: [ppc64]
    os: [aix]

  '@esbuild/android-arm64@0.21.5':
    resolution: {integrity: sha512-c0uX9VAUBQ7dTDCjq+wdyGLowMdtR/GoC2U5IYk/7D1H1JYC0qseD7+11iMP2mRLN9RcCMRcjC4YMclCzGwS/A==}
    engines: {node: '>=12'}
    cpu: [arm64]
    os: [android]

  '@esbuild/android-arm@0.21.5':
    resolution: {integrity: sha512-vCPvzSjpPHEi1siZdlvAlsPxXl7WbOVUBBAowWug4rJHb68Ox8KualB+1ocNvT5fjv6wpkX6o/iEpbDrf68zcg==}
    engines: {node: '>=12'}
    cpu: [arm]
    os: [android]

  '@esbuild/android-x64@0.21.5':
    resolution: {integrity: sha512-D7aPRUUNHRBwHxzxRvp856rjUHRFW1SdQATKXH2hqA0kAZb1hKmi02OpYRacl0TxIGz/ZmXWlbZgjwWYaCakTA==}
    engines: {node: '>=12'}
    cpu: [x64]
    os: [android]

  '@esbuild/darwin-arm64@0.21.5':
    resolution: {integrity: sha512-DwqXqZyuk5AiWWf3UfLiRDJ5EDd49zg6O9wclZ7kUMv2WRFr4HKjXp/5t8JZ11QbQfUS6/cRCKGwYhtNAY88kQ==}
    engines: {node: '>=12'}
    cpu: [arm64]
    os: [darwin]

  '@esbuild/darwin-x64@0.21.5':
    resolution: {integrity: sha512-se/JjF8NlmKVG4kNIuyWMV/22ZaerB+qaSi5MdrXtd6R08kvs2qCN4C09miupktDitvh8jRFflwGFBQcxZRjbw==}
    engines: {node: '>=12'}
    cpu: [x64]
    os: [darwin]

  '@esbuild/freebsd-arm64@0.21.5':
    resolution: {integrity: sha512-5JcRxxRDUJLX8JXp/wcBCy3pENnCgBR9bN6JsY4OmhfUtIHe3ZW0mawA7+RDAcMLrMIZaf03NlQiX9DGyB8h4g==}
    engines: {node: '>=12'}
    cpu: [arm64]
    os: [freebsd]

  '@esbuild/freebsd-x64@0.21.5':
    resolution: {integrity: sha512-J95kNBj1zkbMXtHVH29bBriQygMXqoVQOQYA+ISs0/2l3T9/kj42ow2mpqerRBxDJnmkUDCaQT/dfNXWX/ZZCQ==}
    engines: {node: '>=12'}
    cpu: [x64]
    os: [freebsd]

  '@esbuild/linux-arm64@0.21.5':
    resolution: {integrity: sha512-ibKvmyYzKsBeX8d8I7MH/TMfWDXBF3db4qM6sy+7re0YXya+K1cem3on9XgdT2EQGMu4hQyZhan7TeQ8XkGp4Q==}
    engines: {node: '>=12'}
    cpu: [arm64]
    os: [linux]

  '@esbuild/linux-arm@0.21.5':
    resolution: {integrity: sha512-bPb5AHZtbeNGjCKVZ9UGqGwo8EUu4cLq68E95A53KlxAPRmUyYv2D6F0uUI65XisGOL1hBP5mTronbgo+0bFcA==}
    engines: {node: '>=12'}
    cpu: [arm]
    os: [linux]

  '@esbuild/linux-ia32@0.21.5':
    resolution: {integrity: sha512-YvjXDqLRqPDl2dvRODYmmhz4rPeVKYvppfGYKSNGdyZkA01046pLWyRKKI3ax8fbJoK5QbxblURkwK/MWY18Tg==}
    engines: {node: '>=12'}
    cpu: [ia32]
    os: [linux]

  '@esbuild/linux-loong64@0.21.5':
    resolution: {integrity: sha512-uHf1BmMG8qEvzdrzAqg2SIG/02+4/DHB6a9Kbya0XDvwDEKCoC8ZRWI5JJvNdUjtciBGFQ5PuBlpEOXQj+JQSg==}
    engines: {node: '>=12'}
    cpu: [loong64]
    os: [linux]

  '@esbuild/linux-mips64el@0.21.5':
    resolution: {integrity: sha512-IajOmO+KJK23bj52dFSNCMsz1QP1DqM6cwLUv3W1QwyxkyIWecfafnI555fvSGqEKwjMXVLokcV5ygHW5b3Jbg==}
    engines: {node: '>=12'}
    cpu: [mips64el]
    os: [linux]

  '@esbuild/linux-ppc64@0.21.5':
    resolution: {integrity: sha512-1hHV/Z4OEfMwpLO8rp7CvlhBDnjsC3CttJXIhBi+5Aj5r+MBvy4egg7wCbe//hSsT+RvDAG7s81tAvpL2XAE4w==}
    engines: {node: '>=12'}
    cpu: [ppc64]
    os: [linux]

  '@esbuild/linux-riscv64@0.21.5':
    resolution: {integrity: sha512-2HdXDMd9GMgTGrPWnJzP2ALSokE/0O5HhTUvWIbD3YdjME8JwvSCnNGBnTThKGEB91OZhzrJ4qIIxk/SBmyDDA==}
    engines: {node: '>=12'}
    cpu: [riscv64]
    os: [linux]

  '@esbuild/linux-s390x@0.21.5':
    resolution: {integrity: sha512-zus5sxzqBJD3eXxwvjN1yQkRepANgxE9lgOW2qLnmr8ikMTphkjgXu1HR01K4FJg8h1kEEDAqDcZQtbrRnB41A==}
    engines: {node: '>=12'}
    cpu: [s390x]
    os: [linux]

  '@esbuild/linux-x64@0.21.5':
    resolution: {integrity: sha512-1rYdTpyv03iycF1+BhzrzQJCdOuAOtaqHTWJZCWvijKD2N5Xu0TtVC8/+1faWqcP9iBCWOmjmhoH94dH82BxPQ==}
    engines: {node: '>=12'}
    cpu: [x64]
    os: [linux]

  '@esbuild/netbsd-x64@0.21.5':
    resolution: {integrity: sha512-Woi2MXzXjMULccIwMnLciyZH4nCIMpWQAs049KEeMvOcNADVxo0UBIQPfSmxB3CWKedngg7sWZdLvLczpe0tLg==}
    engines: {node: '>=12'}
    cpu: [x64]
    os: [netbsd]

  '@esbuild/openbsd-x64@0.21.5':
    resolution: {integrity: sha512-HLNNw99xsvx12lFBUwoT8EVCsSvRNDVxNpjZ7bPn947b8gJPzeHWyNVhFsaerc0n3TsbOINvRP2byTZ5LKezow==}
    engines: {node: '>=12'}
    cpu: [x64]
    os: [openbsd]

  '@esbuild/sunos-x64@0.21.5':
    resolution: {integrity: sha512-6+gjmFpfy0BHU5Tpptkuh8+uw3mnrvgs+dSPQXQOv3ekbordwnzTVEb4qnIvQcYXq6gzkyTnoZ9dZG+D4garKg==}
    engines: {node: '>=12'}
    cpu: [x64]
    os: [sunos]

  '@esbuild/win32-arm64@0.21.5':
    resolution: {integrity: sha512-Z0gOTd75VvXqyq7nsl93zwahcTROgqvuAcYDUr+vOv8uHhNSKROyU961kgtCD1e95IqPKSQKH7tBTslnS3tA8A==}
    engines: {node: '>=12'}
    cpu: [arm64]
    os: [win32]

  '@esbuild/win32-ia32@0.21.5':
    resolution: {integrity: sha512-SWXFF1CL2RVNMaVs+BBClwtfZSvDgtL//G/smwAc5oVK/UPu2Gu9tIaRgFmYFFKrmg3SyAjSrElf0TiJ1v8fYA==}
    engines: {node: '>=12'}
    cpu: [ia32]
    os: [win32]

  '@esbuild/win32-x64@0.21.5':
    resolution: {integrity: sha512-tQd/1efJuzPC6rCFwEvLtci/xNFcTZknmXs98FYDfGE4wP9ClFV98nyKrzJKVPMhdDnjzLhdUyMX4PsQAPjwIw==}
    engines: {node: '>=12'}
    cpu: [x64]
    os: [win32]

  '@fontsource-variable/inter@5.2.8':
    resolution: {integrity: sha512-kOfP2D+ykbcX/P3IFnokOhVRNoTozo5/JxhAIVYLpea/UBmCQ/YWPBfWIDuBImXX/15KH+eKh4xpEUyS2sQQGQ==}

  '@fontsource-variable/plus-jakarta-sans@5.2.8':
    resolution: {integrity: sha512-iQecBizIdZxezODNHzOn4SvvRMrZL/S8k4MEXGDynCmUrImVW0VmX+tIAMqnADwH4haXlHSXqMgU6+kcfBQJdw==}

  '@napi-rs/lzma-linux-x64-gnu@1.5.1':
    resolution: {integrity: sha512-oTXEIha4SsuXdTA4Iyskj0kpdx2yVXdhd75c2v3xGrHFfVMsbhTPZU/nMPL4sWKo4pBHm3aucLaqGlF696dTyQ==}
    engines: {node: ^22.20 || ^24.12 || >=25}
    cpu: [x64]
    os: [linux]
    libc: [glibc]

  '@rollup/rollup-android-arm-eabi@4.64.5':
    resolution: {integrity: sha512-MrfgRQSpD5hkkRg6XI16B6EDLb+6+xp8xje6bpdSwkYw+qxrBKbUVrRAQu9h82UT+QumSIVQ8HXsXjPd2dlhqw==}
    cpu: [arm]
    os: [android]

  '@rollup/rollup-android-arm64@4.64.5':
    resolution: {integrity: sha512-+uu2p/R9Tzn8GpoQyX1pAo5dmKT1DhXevfaCzqzmPFhnLjHLWw7uWkaVGlxmhwYoRiYYhsGfRcD5cTBpL7rgSw==}
    cpu: [arm64]
    os: [android]

  '@rollup/rollup-darwin-arm64@4.64.5':
    resolution: {integrity: sha512-17dys+YEmzwzzFVHQAVDONg5FALXY9kd99HFEpfk4gJVHYxoh5bGea3D4t1fXXnwkTcOe25wPyd6nWS0I8IdLQ==}
    cpu: [arm64]
    os: [darwin]

  '@rollup/rollup-darwin-x64@4.64.5':
    resolution: {integrity: sha512-wg0zQEKkEvFZf1UaaX1UELOoPs//OSKUG7D+yITuqOsAvza7LvHTv5Wu4nmMfzNG7EYI2jp2PJC7Id6OETmsYQ==}
    cpu: [x64]
    os: [darwin]

  '@rollup/rollup-freebsd-arm64@4.64.5':
    resolution: {integrity: sha512-CoJmWcpEMuwin+TZ/ev/H9uDyF/uxUKQSWXdmIPn/UBx/uGV9+4ebMp0FwnlhWR9PE1AdzYsKf3bZevhif38+A==}
    cpu: [arm64]
    os: [freebsd]

  '@rollup/rollup-freebsd-x64@4.64.5':
    resolution: {integrity: sha512-PxZnLAaTUAL5xG0W2BXLeYPKrK2b3LIASV2/e/Kf7PZvSLI1iAQIm9B9aJD+YyFIT7hc6qaMV3+OOO35R28LfA==}
    cpu: [x64]
    os: [freebsd]

  '@rollup/rollup-linux-arm-gnueabihf@4.64.5':
    resolution: {integrity: sha512-uPo3IvnONjhbFXwWgroBeFwOicuhT7ZwQrnzkzmOtBJzeQbkUJUE1SJDfDI31ijQ5+ZUIA6sPrdUMxTSnxUWAg==}
    cpu: [arm]
    os: [linux]
    libc: [glibc]

  '@rollup/rollup-linux-arm-musleabihf@4.64.5':
    resolution: {integrity: sha512-ywI8Jyuc4LyHYTjC0mw4yA1ulvZBkHusdpWnoiEBsmBuHvSnt90btTBGCZ+s/2y+YNNfVAEKy33nPo5UI9zTmg==}
    cpu: [arm]
    os: [linux]
    libc: [musl]

  '@rollup/rollup-linux-arm64-gnu@4.64.5':
    resolution: {integrity: sha512-tmuXJoQ/3ovSr637aykZMdQteU/CB2APAz2CrvsbibuoHZi1BS1Db13cVViBdEARGwXCLn1DSJ8wsjoThLJPGA==}
    cpu: [arm64]
    os: [linux]
    libc: [glibc]

  '@rollup/rollup-linux-arm64-musl@4.64.5':
    resolution: {integrity: sha512-5FMjSYNcUOHx7oW8Qu9KB6jGPpvF/8sG7+BDHwU/Ihh1/6FMJ9ySmsFG4tJ1qbNRuP8OLzCBDso4sF0mQaLuFQ==}
    cpu: [arm64]
    os: [linux]
    libc: [musl]

  '@rollup/rollup-linux-loong64-gnu@4.64.5':
    resolution: {integrity: sha512-K8ZJ+neLDbUkIrL8dqF/5LtuVCrKwo27kREgOlxjBEjlOXwHvDnHLU8Z/UKv/B49qi7e8hsSDOyoJwhwqhvX4w==}
    cpu: [loong64]
    os: [linux]
    libc: [glibc]

  '@rollup/rollup-linux-loong64-musl@4.64.5':
    resolution: {integrity: sha512-NlVxsq7PFPv0DBKGuNWRDKixQYQCjM53zl04mxEcKMBmJbCBIUm1JdPfIWDRHyOOFzzYPmLQzfeEwh4716ayQg==}
    cpu: [loong64]
    os: [linux]
    libc: [musl]

  '@rollup/rollup-linux-ppc64-gnu@4.64.5':
    resolution: {integrity: sha512-ARhRHJYs5eCFet5azfrHD97vOkD8OzNW2RSMlvo5CcBqXaTOLfp0OHDtUQh7/K5AL5fUYoFp2fgC9KDg4vVYMQ==}
    cpu: [ppc64]
    os: [linux]
    libc: [glibc]

  '@rollup/rollup-linux-ppc64-musl@4.64.5':
    resolution: {integrity: sha512-atSgreM5C7jpxd9aEXN+6vJ5wTd05iYw+S3FiQpw7VsoEl8B90llbq35ARON+GOHj5QlVQEq2vOKWCHTob/BSQ==}
    cpu: [ppc64]
    os: [linux]
    libc: [musl]

  '@rollup/rollup-linux-riscv64-gnu@4.64.5':
    resolution: {integrity: sha512-vmlmwBFGnjVWxSRoVabNkyYuscSmg52Pd0fM8jEbNT3Jmka4A6HcB84x4uAmuumznWfBVaxKOqU6jbEgomWKCA==}
    cpu: [riscv64]
    os: [linux]
    libc: [glibc]

  '@rollup/rollup-linux-riscv64-musl@4.64.5':
    resolution: {integrity: sha512-hhJrP6S9WkbsbcHgUkvCBS5Cn8IdsG8XjlLZyxjnv9+NdoYfbbZE4TWJYr8apdaj1M5t5Y1id2StnEslxpNFyA==}
    cpu: [riscv64]
    os: [linux]
    libc: [musl]

  '@rollup/rollup-linux-s390x-gnu@4.64.5':
    resolution: {integrity: sha512-NNVCyN9pGrwFmQa4bf+Cnf5aVH3g6ZpnlOg1Cs/H9swIHT9bRixijfzUqyEIWm1WtiAuR1LJ+rJH6zpBm8kgQA==}
    cpu: [s390x]
    os: [linux]
    libc: [glibc]

  '@rollup/rollup-linux-x64-gnu@4.64.5':
    resolution: {integrity: sha512-dR9nd6OKnvSS60Ifz/L7Mj5zzYyoqyRn2NwTuaOONKaa3xsVGXyp8YusMbvFyEOR94DxnwgcbgsFqkHd29ZSzQ==}
    cpu: [x64]
    os: [linux]
    libc: [glibc]

  '@rollup/rollup-linux-x64-musl@4.64.5':
    resolution: {integrity: sha512-1tzsMjaqhsh3bAO6SJiJqh8hIr9sSPRd+i2vPPxJHod8/XYnf9TEnK0z/u3r1z1AkI347X0KbRSg9dWcxeGahw==}
    cpu: [x64]
    os: [linux]
    libc: [musl]

  '@rollup/rollup-openbsd-x64@4.64.5':
    resolution: {integrity: sha512-01mWMQblKoXXsmk28KXtpbA96w7g/aOWUoV3AC16fdHdqkykGalqyyM+5u8M7uP5/MEMiiPv69Hv7iv/hEH/dA==}
    cpu: [x64]
    os: [openbsd]

  '@rollup/rollup-openharmony-arm64@4.64.5':
    resolution: {integrity: sha512-trdnMPb/DNm4V/CgsaoGgr90HfQQ071wfK0KoIs4YpLvjBgVQGXhGabg2Z6nK4EcYNilrb9ZZPcsP6+zpJIdxQ==}
    cpu: [arm64]
    os: [openharmony]

  '@rollup/rollup-win32-arm64-msvc@4.64.5':
    resolution: {integrity: sha512-x2LxZlfdfsw99T6/qb9EqE/Qi84JWzibjyOJyhJsgFJy6CafaTiqIXCCnslCGrV5XWNh7fwrS3FbRENcuKnooA==}
    cpu: [arm64]
    os: [win32]

  '@rollup/rollup-win32-ia32-msvc@4.64.5':
    resolution: {integrity: sha512-/Qd/9aDQIo0+jmItgBmPIs8195YVbDxRRApn47GyufgbutCDOh7eP5vSKKlI4QNFeaI+wKQAkSMsPnF3EuMpaA==}
    cpu: [ia32]
    os: [win32]

  '@rollup/rollup-win32-x64-gnu@4.64.5':
    resolution: {integrity: sha512-ngUJ/XvOWrqbd2IMsfXfh2xXFLTP3sY7sCKvxbGvYdBZ1KmXFd3ewDZ9n3/GNzAUgzRuhLT/UvJRivbNoAQRBw==}
    cpu: [x64]
    os: [win32]

  '@rollup/rollup-win32-x64-msvc@4.64.5':
    resolution: {integrity: sha512-IhV6ew/DuzUWwHaYmlh7MrPCV3lKFUq/amTEwysi4r/mwNPAEfAMh5dYWeTSPTeMy2pFHGMEWYtPkHzfX3tG5A==}
    cpu: [x64]
    os: [win32]

  '@types/estree@1.0.9':
    resolution: {integrity: sha512-GhdPgy1el4/ImP05X05Uw4cw2/M93BCUmnEvWZNStlCzEKME4Fkk+YpoA5OiHNQmoS7Cafb8Xa3Pya8m1Qrzeg==}

  esbuild@0.21.5:
    resolution: {integrity: sha512-mg3OPMV4hXywwpoDxu3Qda5xCKQi+vCTZq8S9J/EpkhB2HzKXq4SNFZE3+NK93JYxc8VMSep+lOUSC/RVKaBqw==}
    engines: {node: '>=12'}
    hasBin: true

  fsevents@2.3.2:
    resolution: {integrity: sha512-xiqMQR4xAeHTuB9uWm+fFRcIOgKBMiOBP+eXiyT7jsgVCq1bkVygt00oASowB7EdtpOHaaPgKt812P9ab+DDKA==}
    engines: {node: ^8.16.0 || ^10.6.0 || >=11.0.0}
    os: [darwin]

  fsevents@2.3.3:
    resolution: {integrity: sha512-5xoDfX+fL7faATnagmWPpbFtwh/R77WmMMqqHGS65C3vvB0YHrgF+B1YmZ3441tMj5n63k0212XNoJwzlhffQw==}
    engines: {node: ^8.16.0 || ^10.6.0 || >=11.0.0}
    os: [darwin]

  nanoid@3.3.20:
    resolution: {integrity: sha512-uKdg2G3GNCKQn9byYOpxbGqrT2fGO5KRt5J/8b3pok8rT6qxGWF6hxMyJiEYtAf+FVyYuD9hRaDqX5uPFYJ4ZQ==}
    engines: {node: ^10 || ^12 || ^13.7 || ^14 || >=15.0.1}
    hasBin: true

  picocolors@1.1.1:
    resolution: {integrity: sha512-xceH2snhtb5M9liqDsmEw56le376mTZkEX/jEb/RxNFyegNul7eNslCXP9FDj/Lcu0X8KEyMceP2ntpaHrDEVA==}

  playwright-core@1.56.1:
    resolution: {integrity: sha512-hutraynyn31F+Bifme+Ps9Vq59hKuUCz7H1kDOcBs+2oGguKkWTU50bBWrtz34OUWmIwpBTWDxaRPXrIXkgvmQ==}
    engines: {node: '>=18'}
    hasBin: true

  playwright@1.56.1:
    resolution: {integrity: sha512-aFi5B0WovBHTEvpM3DzXTUaeN6eN0qWnTkKx4NQaH4Wvcmc153PdaY2UBdSYKaGYw+UyWXSVyxDUg5DoPEttjw==}
    engines: {node: '>=18'}
    hasBin: true

  postcss@8.5.29:
    resolution: {integrity: sha512-49cGhUbXj8Qenv0iTMxA1cFBzxXoctpC9Ujd77t1WcbJIr6nF/eI7g/8MgxrYldFRuAXvja7xQRwavoW7kgrxQ==}
    engines: {node: ^10 || ^12 || >=14}

  rollup@4.64.5:
    resolution: {integrity: sha512-EAP5ZHcz2ijbgCWwPkpI7zh6bfsri2Ez5FtCy2dCp1k62duXzfG7DLGGh7RU2QQXWwavT+u4qpvDF/TWOiiGTw==}
    engines: {node: '>=18.0.0', npm: '>=8.0.0'}
    hasBin: true

  source-map-js@1.2.2:
    resolution: {integrity: sha512-KGj/8Y43x35aZVDtt+J4mK1hoLGHULMYfSkODJNQjNDC3oW1PqPoxMwo0pLUsWM/UEGzON/NxeHywEfNXNP3Vw==}
    engines: {node: '>=0.10.0'}

  typescript@5.7.2:
    resolution: {integrity: sha512-i5t66RHxDvVN40HfDd1PsEThGNnlMCMT3jMUuoh9/0TaqWevNontacunWyN02LA9/fIbEWlcHZcgTKb9QoaLfg==}
    engines: {node: '>=14.17'}
    hasBin: true

  vite@5.4.21:
    resolution: {integrity: sha512-o5a9xKjbtuhY6Bi5S3+HvbRERmouabWbyUcpXXUA1u+GNUKoROi9byOJ8M0nHbHYHkYICiMlqxkg1KkYmm25Sw==}
    engines: {node: ^18.0.0 || >=20.0.0}
    hasBin: true
    peerDependencies:
      '@types/node': ^18.0.0 || >=20.0.0
      less: '*'
      lightningcss: ^1.21.0
      sass: '*'
      sass-embedded: '*'
      stylus: '*'
      sugarss: '*'
      terser: ^5.4.0
    peerDependenciesMeta:
      '@types/node':
        optional: true
      less:
        optional: true
      lightningcss:
        optional: true
      sass:
        optional: true
      sass-embedded:
        optional: true
      stylus:
        optional: true
      sugarss:
        optional: true
      terser:
        optional: true

snapshots:

  '@esbuild/aix-ppc64@0.21.5':
    optional: true

  '@esbuild/android-arm64@0.21.5':
    optional: true

  '@esbuild/android-arm@0.21.5':
    optional: true

  '@esbuild/android-x64@0.21.5':
    optional: true

  '@esbuild/darwin-arm64@0.21.5':
    optional: true

  '@esbuild/darwin-x64@0.21.5':
    optional: true

  '@esbuild/freebsd-arm64@0.21.5':
    optional: true

  '@esbuild/freebsd-x64@0.21.5':
    optional: true

  '@esbuild/linux-arm64@0.21.5':
    optional: true

  '@esbuild/linux-arm@0.21.5':
    optional: true

  '@esbuild/linux-ia32@0.21.5':
    optional: true

  '@esbuild/linux-loong64@0.21.5':
    optional: true

  '@esbuild/linux-mips64el@0.21.5':
    optional: true

  '@esbuild/linux-ppc64@0.21.5':
    optional: true

  '@esbuild/linux-riscv64@0.21.5':
    optional: true

  '@esbuild/linux-s390x@0.21.5':
    optional: true

  '@esbuild/linux-x64@0.21.5':
    optional: true

  '@esbuild/netbsd-x64@0.21.5':
    optional: true

  '@esbuild/openbsd-x64@0.21.5':
    optional: true

  '@esbuild/sunos-x64@0.21.5':
    optional: true

  '@esbuild/win32-arm64@0.21.5':
    optional: true

  '@esbuild/win32-ia32@0.21.5':
    optional: true

  '@esbuild/win32-x64@0.21.5':
    optional: true

  '@fontsource-variable/inter@5.2.8': {}

  '@fontsource-variable/plus-jakarta-sans@5.2.8': {}

  '@napi-rs/lzma-linux-x64-gnu@1.5.1':
    optional: true

  '@rollup/rollup-android-arm-eabi@4.64.5':
    optional: true

  '@rollup/rollup-android-arm64@4.64.5':
    optional: true

  '@rollup/rollup-darwin-arm64@4.64.5':
    optional: true

  '@rollup/rollup-darwin-x64@4.64.5':
    optional: true

  '@rollup/rollup-freebsd-arm64@4.64.5':
    optional: true

  '@rollup/rollup-freebsd-x64@4.64.5':
    optional: true

  '@rollup/rollup-linux-arm-gnueabihf@4.64.5':
    optional: true

  '@rollup/rollup-linux-arm-musleabihf@4.64.5':
    optional: true

  '@rollup/rollup-linux-arm64-gnu@4.64.5':
    optional: true

  '@rollup/rollup-linux-arm64-musl@4.64.5':
    optional: true

  '@rollup/rollup-linux-loong64-gnu@4.64.5':
    optional: true

  '@rollup/rollup-linux-loong64-musl@4.64.5':
    optional: true

  '@rollup/rollup-linux-ppc64-gnu@4.64.5':
    optional: true

  '@rollup/rollup-linux-ppc64-musl@4.64.5':
    optional: true

  '@rollup/rollup-linux-riscv64-gnu@4.64.5':
    optional: true

  '@rollup/rollup-linux-riscv64-musl@4.64.5':
    optional: true

  '@rollup/rollup-linux-s390x-gnu@4.64.5':
    optional: true

  '@rollup/rollup-linux-x64-gnu@4.64.5':
    optional: true

  '@rollup/rollup-linux-x64-musl@4.64.5':
    optional: true

  '@rollup/rollup-openbsd-x64@4.64.5':
    optional: true

  '@rollup/rollup-openharmony-arm64@4.64.5':
    optional: true

  '@rollup/rollup-win32-arm64-msvc@4.64.5':
    optional: true

  '@rollup/rollup-win32-ia32-msvc@4.64.5':
    optional: true

  '@rollup/rollup-win32-x64-gnu@4.64.5':
    optional: true

  '@rollup/rollup-win32-x64-msvc@4.64.5':
    optional: true

  '@types/estree@1.0.9': {}

  esbuild@0.21.5:
    optionalDependencies:
      '@esbuild/aix-ppc64': 0.21.5
      '@esbuild/android-arm': 0.21.5
      '@esbuild/android-arm64': 0.21.5
      '@esbuild/android-x64': 0.21.5
      '@esbuild/darwin-arm64': 0.21.5
      '@esbuild/darwin-x64': 0.21.5
      '@esbuild/freebsd-arm64': 0.21.5
      '@esbuild/freebsd-x64': 0.21.5
      '@esbuild/linux-arm': 0.21.5
      '@esbuild/linux-arm64': 0.21.5
      '@esbuild/linux-ia32': 0.21.5
      '@esbuild/linux-loong64': 0.21.5
      '@esbuild/linux-mips64el': 0.21.5
      '@esbuild/linux-ppc64': 0.21.5
      '@esbuild/linux-riscv64': 0.21.5
      '@esbuild/linux-s390x': 0.21.5
      '@esbuild/linux-x64': 0.21.5
      '@esbuild/netbsd-x64': 0.21.5
      '@esbuild/openbsd-x64': 0.21.5
      '@esbuild/sunos-x64': 0.21.5
      '@esbuild/win32-arm64': 0.21.5
      '@esbuild/win32-ia32': 0.21.5
      '@esbuild/win32-x64': 0.21.5

  fsevents@2.3.2:
    optional: true

  fsevents@2.3.3:
    optional: true

  nanoid@3.3.20: {}

  picocolors@1.1.1: {}

  playwright-core@1.56.1: {}

  playwright@1.56.1:
    dependencies:
      playwright-core: 1.56.1
    optionalDependencies:
      fsevents: 2.3.2

  postcss@8.5.29:
    dependencies:
      nanoid: 3.3.20
      picocolors: 1.1.1
      source-map-js: 1.2.2

  rollup@4.64.5:
    dependencies:
      '@types/estree': 1.0.9
    optionalDependencies:
      '@napi-rs/lzma-linux-x64-gnu': 1.5.1
      '@rollup/rollup-android-arm-eabi': 4.64.5
      '@rollup/rollup-android-arm64': 4.64.5
      '@rollup/rollup-darwin-arm64': 4.64.5
      '@rollup/rollup-darwin-x64': 4.64.5
      '@rollup/rollup-freebsd-arm64': 4.64.5
      '@rollup/rollup-freebsd-x64': 4.64.5
      '@rollup/rollup-linux-arm-gnueabihf': 4.64.5
      '@rollup/rollup-linux-arm-musleabihf': 4.64.5
      '@rollup/rollup-linux-arm64-gnu': 4.64.5
      '@rollup/rollup-linux-arm64-musl': 4.64.5
      '@rollup/rollup-linux-loong64-gnu': 4.64.5
      '@rollup/rollup-linux-loong64-musl': 4.64.5
      '@rollup/rollup-linux-ppc64-gnu': 4.64.5
      '@rollup/rollup-linux-ppc64-musl': 4.64.5
      '@rollup/rollup-linux-riscv64-gnu': 4.64.5
      '@rollup/rollup-linux-riscv64-musl': 4.64.5
      '@rollup/rollup-linux-s390x-gnu': 4.64.5
      '@rollup/rollup-linux-x64-gnu': 4.64.5
      '@rollup/rollup-linux-x64-musl': 4.64.5
      '@rollup/rollup-openbsd-x64': 4.64.5
      '@rollup/rollup-openharmony-arm64': 4.64.5
      '@rollup/rollup-win32-arm64-msvc': 4.64.5
      '@rollup/rollup-win32-ia32-msvc': 4.64.5
      '@rollup/rollup-win32-x64-gnu': 4.64.5
      '@rollup/rollup-win32-x64-msvc': 4.64.5
      fsevents: 2.3.3

  source-map-js@1.2.2: {}

  typescript@5.7.2: {}

  vite@5.4.21:
    dependencies:
      esbuild: 0.21.5
      postcss: 8.5.29
      rollup: 4.64.5
    optionalDependencies:
      fsevents: 2.3.3
